// !$*UTF8*$!
{
	archiveVersion = 1;
	classes = {
	};
	objectVersion = 46;
	objects = {

/* Begin PBXBuildFile section */
		428F3A1E1A57C2EA00F3B2B2 /* main.cpp in Sources */ = {isa = PBXBuildFile; fileRef = 428F3A1D1A57C2EA00F3B2B2 /* main.cpp */; };
		42FBC42E1A57C3EF00C7138D /* OpenCL.framework in Frameworks */ = {isa = PBXBuildFile; fileRef = 42FBC42D1A57C3EF00C7138D /* OpenCL.framework */; };
		42FBC4301A57C5F700C7138D /* gputls.cl in Sources */ = {isa = PBXBuildFile; fileRef = 42FBC42F1A57C5F700C7138D /* gputls.cl */; };
/* End PBXBuildFile section */

/* Begin PBXCopyFilesBuildPhase section */
		428F3A181A57C2EA00F3B2B2 /* Copy Files */ = {
			isa = PBXCopyFilesBuildPhase;
			buildActionMask = 2147483647;
			dstPath = /usr/share/man/man1/;
			dstSubfolderSpec = 0;
			files = (
			);
			name = "Copy Files";
			runOnlyForDeploymentPostprocessing = 1;
		};
/* End PBXCopyFilesBuildPhase section */

/* Begin PBXFileReference section */
		428F3A1A1A57C2EA00F3B2B2 /* gputls001 */ = {isa = PBXFileReference; explicitFileType = "compiled.mach-o.executable"; includeInIndex = 0; path = gputls001; sourceTree = BUILT_PRODUCTS_DIR; };
		428F3A1D1A57C2EA00F3B2B2 /* main.cpp */ = {isa = PBXFileReference; lastKnownFileType = sourcecode.cpp.cpp; path = main.cpp; sourceTree = "<group>"; };
		42FBC42D1A57C3EF00C7138D /* OpenCL.framework */ = {isa = PBXFileReference; lastKnownFileType = wrapper.framework; name = OpenCL.framework; path = ../../../../../System/Library/Frameworks/OpenCL.framework; sourceTree = "<group>"; };
		42FBC42F1A57C5F700C7138D /* gputls.cl */ = {isa = PBXFileReference; fileEncoding = 4; lastKnownFileType = sourcecode.opencl; path = gputls.cl; sourceTree = "<group>"; };
		42FBC4311A5917C300C7138D /* gputlsconsts.h */ = {isa = PBXFileReference; lastKnownFileType = sourcecode.c.h; path = gputlsconsts.h; sourceTree = "<group>"; };
/* End PBXFileReference section */

/* Begin PBXFrameworksBuildPhase section */
		428F3A171A57C2EA00F3B2B2 /* Frameworks */ = {
			isa = PBXFrameworksBuildPhase;
			buildActionMask = 2147483647;
			files = (
				42FBC42E1A57C3EF00C7138D /* OpenCL.framework in Frameworks */,
			);
			runOnlyForDeploymentPostprocessing = 0;
		};
/* End PBXFrameworksBuildPhase section */

/* Begin PBXGroup section */
		428F3A111A57C2EA00F3B2B2 = {
			isa = PBXGroup;
			children = (
				42FBC42D1A57C3EF00C7138D /* OpenCL.framework */,
				428F3A1C1A57C2EA00F3B2B2 /* gputls001 */,
				428F3A1B1A57C2EA00F3B2B2 /* Products */,
			);
			sourceTree = "<group>";
		};
		428F3A1B1A57C2EA00F3B2B2 /* Products */ = {
			isa = PBXGroup;
			children = (
				428F3A1A1A57C2EA00F3B2B2 /* gputls001 */,
			);
			name = Products;
			sourceTree = "<group>";
		};
		428F3A1C1A57C2EA00F3B2B2 /* gputls001 */ = {
			isa = PBXGroup;
			children = (
				428F3A1D1A57C2EA00F3B2B2 /* main.cpp */,
				42FBC42F1A57C5F700C7138D /* gputls.cl */,
				42FBC4311A5917C300C7138D /* gputlsconsts.h */,
			);
			path = gputls001;
			sourceTree = "<group>";
		};
/* End PBXGroup section */

/* Begin PBXNativeTarget section */
		428F3A191A57C2EA00F3B2B2 /* gputls001 */ = {
			isa = PBXNativeTarget;
			buildConfigurationList = 428F3A211A57C2EA00F3B2B2 /* Build configuration list for PBXNativeTarget "gputls001" */;
			buildPhases = (
				428F3A161A57C2EA00F3B2B2 /* Sources */,
				428F3A171A57C2EA00F3B2B2 /* Frameworks */,
				428F3A181A57C2EA00F3B2B2 /* Copy Files */,
			);
			buildRules = (
			);
			dependencies = (
			);
			name = gputls001;
			productName = gputls001;
			productReference = 428F3A1A1A57C2EA00F3B2B2 /* gputls001 */;
			productType = "com.apple.product-type.tool";
		};
/* End PBXNativeTarget section */

/* Begin PBXProject section */
		428F3A121A57C2EA00F3B2B2 /* Project object */ = {
			isa = PBXProject;
			attributes = {
				LastUpgradeCheck = 0610;
				ORGANIZATIONNAME = bigthree;
				TargetAttributes = {
					428F3A191A57C2EA00F3B2B2 = {
						CreatedOnToolsVersion = 6.1.1;
					};
				};
			};
			buildConfigurationList = 428F3A151A57C2EA00F3B2B2 /* Build configuration list for PBXProject "gputls001" */;
			compatibilityVersion = "Xcode 3.2";
			developmentRegion = English;
			hasScannedForEncodings = 0;
			knownRegions = (
				en,
			);
			mainGroup = 428F3A111A57C2EA00F3B2B2;
			productRefGroup = 428F3A1B1A57C2EA00F3B2B2 /* Products */;
			projectDirPath = "";
			projectRoot = "";
			targets = (
				428F3A191A57C2EA00F3B2B2 /* gputls001 */,
			);
		};
/* End PBXProject section */

/* Begin PBXSourcesBuildPhase section */
		428F3A161A57C2EA00F3B2B2 /* Sources */ = {
			isa = PBXSourcesBuildPhase;
			buildActionMask = 2147483647;
			files = (
				428F3A1E1A57C2EA00F3B2B2 /* main.cpp in Sources */,
				42FBC4301A57C5F700C7138D /* gputls.cl in Sources */,
			);
			runOnlyForDeploymentPostprocessing = 0;
		};
/* End PBXSourcesBuildPhase section */

/* Begin XCBuildConfiguration section */
		428F3A1F1A57C2EA00F3B2B2 /* Debug */ = {
			isa = XCBuildConfiguration;
			buildSettings = {
				ALWAYS_SEARCH_USER_PATHS = NO;
				CLANG_CXX_LANGUAGE_STANDARD = "gnu++0x";
				CLANG_CXX_LIBRARY = "libc++";
				CLANG_ENABLE_MODULES = YES;
				CLANG_ENABLE_OBJC_ARC = YES;
				CLANG_WARN_BOOL_CONVERSION = YES;
				CLANG_WARN_CONSTANT_CONVERSION = YES;
				CLANG_WARN_DIRECT_OBJC_ISA_USAGE = YES_ERROR;
				CLANG_WARN_EMPTY_BODY = YES;
				CLANG_WARN_ENUM_CONVERSION = YES;
				CLANG_WARN_INT_CONVERSION = YES;
				CLANG_WARN_OBJC_ROOT_CLASS = YES_ERROR;
				CLANG_WARN_UNREACHABLE_CODE = YES;
				CLANG_WARN__DUPLICATE_METHOD_MATCH = YES;
				COPY_PHASE_STRIP = NO;
				ENABLE_STRICT_OBJC_MSGSEND = YES;
				GCC_C_LANGUAGE_STANDARD = gnu99;
				GCC_DYNAMIC_NO_PIC = NO;
				GCC_OPTIMIZATION_LEVEL = 0;
				GCC_PREPROCESSOR_DEFINITIONS = (
					"DEBUG=1",
					"$(inherited)",
				);
				GCC_SYMBOLS_PRIVATE_EXTERN = NO;
				GCC_WARN_64_TO_32_BIT_CONVERSION = YES;
				GCC_WARN_ABOUT_RETURN_TYPE = YES_ERROR;
				GCC_WARN_UNDECLARED_SELECTOR = YES;
				GCC_WARN_UNINITIALIZED_AUTOS = YES_AGGRESSIVE;
				GCC_WARN_UNUSED_FUNCTION = YES;
				GCC_WARN_UNUSED_VARIABLE = YES;
				MACOSX_DEPLOYMENT_TARGET = 10.9;
				MTL_ENABLE_DEBUG_INFO = YES;
				ONLY_ACTIVE_ARCH = YES;
				OPENCL_COMPILER_VERSION = CL1.2;
				SDKROOT = macosx;
			};
			name = Debug;
		};
		428F3A201A57C2EA00F3B2B2 /* Release */ = {
			isa = XCBuildConfiguration;
			buildSettings = {
				ALWAYS_SEARCH_USER_PATHS = NO;
				CLANG_CXX_LANGUAGE_STANDARD = "gnu++0x";
				CLANG_CXX_LIBRARY = "libc++";
				CLANG_ENABLE_MODULES = YES;
				CLANG_ENABLE_OBJC_ARC = YES;
				CLANG_WARN_BOOL_CONVERSION = YES;
				CLANG_WARN_CONSTANT_CONVERSION = YES;
				CLANG_WARN_DIRECT_OBJC_ISA_USAGE = YES_ERROR;
				CLANG_WARN_EMPTY_BODY = YES;
				CLANG_WARN_ENUM_CONVERSION = YES;
				CLANG_WARN_INT_CONVERSION = YES;
				CLANG_WARN_OBJC_ROOT_CLASS = YES_ERROR;
				CLANG_WARN_UNREACHABLE_CODE = YES;
				CLANG_WARN__DUPLICATE_METHOD_MATCH = YES;
				COPY_PHASE_STRIP = YES;
				DEBUG_INFORMATION_FORMAT = "dwarf-with-dsym";
				ENABLE_NS_ASSERTIONS = NO;
				ENABLE_STRICT_OBJC_MSGSEND = YES;
				GCC_C_LANGUAGE_STANDARD = gnu99;
				GCC_WARN_64_TO_32_BIT_CONVERSION = YES;
				GCC_WARN_ABOUT_RETURN_TYPE = YES_ERROR;
				GCC_WARN_UNDECLARED_SELECTOR = YES;
				GCC_WARN_UNINITIALIZED_AUTOS = YES_AGGRESSIVE;
				GCC_WARN_UNUSED_FUNCTION = YES;
				GCC_WARN_UNUSED_VARIABLE = YES;
				MACOSX_DEPLOYMENT_TARGET = 10.9;
				MTL_ENABLE_DEBUG_INFO = NO;
				OPENCL_COMPILER_VERSION = CL1.2;
				SDKROOT = macosx;
			};
			name = Release;
		};
		428F3A221A57C2EA00F3B2B2 /* Debug */ = {
			isa = XCBuildConfiguration;
			buildSettings = {
				OPENCL_COMPILER_VERSION = CL1.2;
				PRODUCT_NAME = "$(TARGET_NAME)";
			};
			name = Debug;
		};
		428F3A231A57C2EA00F3B2B2 /* Release */ = {
			isa = XCBuildConfiguration;
			buildSettings = {
				OPENCL_COMPILER_VERSION = CL1.2;
				PRODUCT_NAME = "$(TARGET_NAME)";
			};
			name = Release;
		};
/* End XCBuildConfiguration section */

/* Begin XCConfigurationList section */
		428F3A151A57C2EA00F3B2B2 /* Build configuration list for PBXProject "gputls001" */ = {
			isa = XCConfigurationList;
			buildConfigurations = (
				428F3A1F1A57C2EA00F3B2B2 /* Debug */,
				428F3A201A57C2EA00F3B2B2 /* Release */,
			);
			defaultConfigurationIsVisible = 0;
			defaultConfigurationName = Release;
		};
		428F3A211A57C2EA00F3B2B2 /* Build configuration list for PBXNativeTarget "gputls001" */ = {
			isa = XCConfigurationList;
			buildConfigurations = (
				428F3A221A57C2EA00F3B2B2 /* Debug */,
				428F3A231A57C2EA00F3B2B2 /* Release */,
			);
			defaultConfigurationIsVisible = 0;
			defaultConfigurationName = Release;
		};
/* End XCConfigurationList section */
	};
	rootObject = 428F3A121A57C2EA00F3B2B2 /* Project object */;
}
